// !$*UTF8*$!
{
	archiveVersion = 1;
	classes = {
	};
	objectVersion = 46;
	objects = {

/* Begin PBXBuildFile section */
		2F343AC71AE46C28002B3539 /* FAKIconImage.m in Sources */ = {isa = PBXBuildFile; fileRef = 2F343AAA1AE46C28002B3539 /* FAKIconImage.m */; };
		2F343AC81AE46C28002B3539 /* FAKIconImageManager.m in Sources */ = {isa = PBXBuildFile; fileRef = 2F343AAC1AE46C28002B3539 /* FAKIconImageManager.m */; };
		2F343AC91AE46C28002B3539 /* SMXTabBar.m in Sources */ = {isa = PBXBuildFile; fileRef = 2F343AAF1AE46C28002B3539 /* SMXTabBar.m */; };
		2F343ACA1AE46C28002B3539 /* SMXTabBarItem.m in Sources */ = {isa = PBXBuildFile; fileRef = 2F343AB11AE46C28002B3539 /* SMXTabBarItem.m */; };
		2F343ACB1AE46C28002B3539 /* SMXTabBarItemManager.m in Sources */ = {isa = PBXBuildFile; fileRef = 2F343AB31AE46C28002B3539 /* SMXTabBarItemManager.m */; };
		2F343ACC1AE46C28002B3539 /* SMXTabBarManager.m in Sources */ = {isa = PBXBuildFile; fileRef = 2F343AB51AE46C28002B3539 /* SMXTabBarManager.m */; };
		2F343ACD1AE46C28002B3539 /* FAKFontAwesome.m in Sources */ = {isa = PBXBuildFile; fileRef = 2F343AB91AE46C28002B3539 /* FAKFontAwesome.m */; };
		2F343ACE1AE46C28002B3539 /* FAKFoundationIcons.m in Sources */ = {isa = PBXBuildFile; fileRef = 2F343ABB1AE46C28002B3539 /* FAKFoundationIcons.m */; };
		2F343ACF1AE46C28002B3539 /* FAKIcon.m in Sources */ = {isa = PBXBuildFile; fileRef = 2F343ABD1AE46C28002B3539 /* FAKIcon.m */; };
		2F343AD01AE46C28002B3539 /* FAKIonIcons.m in Sources */ = {isa = PBXBuildFile; fileRef = 2F343ABF1AE46C28002B3539 /* FAKIonIcons.m */; };
		2F343AD11AE46C28002B3539 /* FAKZocial.m in Sources */ = {isa = PBXBuildFile; fileRef = 2F343AC11AE46C28002B3539 /* FAKZocial.m */; };
		2F46E3B11BF53CE6007EB20D /* FAKOcticons.m in Sources */ = {isa = PBXBuildFile; fileRef = 2F46E3B01BF53CE6007EB20D /* FAKOcticons.m */; settings = {ASSET_TAGS = (); }; };
		2F615A3A1B698A87004A7B1D /* FAKMaterial.m in Sources */ = {isa = PBXBuildFile; fileRef = 2F615A371B698A87004A7B1D /* FAKMaterial.m */; };
/* End PBXBuildFile section */

/* Begin PBXCopyFilesBuildPhase section */
		2F5A3EB61ACDBF8000439386 /* CopyFiles */ = {
			isa = PBXCopyFilesBuildPhase;
			buildActionMask = 2147483647;
			dstPath = "include/$(PRODUCT_NAME)";
			dstSubfolderSpec = 16;
			files = (
			);
			runOnlyForDeploymentPostprocessing = 0;
		};
/* End PBXCopyFilesBuildPhase section */

/* Begin PBXFileReference section */
		2F343AA91AE46C28002B3539 /* FAKIconImage.h */ = {isa = PBXFileReference; fileEncoding = 4; lastKnownFileType = sourcecode.c.h; path = FAKIconImage.h; sourceTree = "<group>"; };
		2F343AAA1AE46C28002B3539 /* FAKIconImage.m */ = {isa = PBXFileReference; fileEncoding = 4; lastKnownFileType = sourcecode.c.objc; path = FAKIconImage.m; sourceTree = "<group>"; };
		2F343AAB1AE46C28002B3539 /* FAKIconImageManager.h */ = {isa = PBXFileReference; fileEncoding = 4; lastKnownFileType = sourcecode.c.h; path = FAKIconImageManager.h; sourceTree = "<group>"; };
		2F343AAC1AE46C28002B3539 /* FAKIconImageManager.m */ = {isa = PBXFileReference; fileEncoding = 4; lastKnownFileType = sourcecode.c.objc; path = FAKIconImageManager.m; sourceTree = "<group>"; };
		2F343AAE1AE46C28002B3539 /* SMXTabBar.h */ = {isa = PBXFileReference; fileEncoding = 4; lastKnownFileType = sourcecode.c.h; path = SMXTabBar.h; sourceTree = "<group>"; };
		2F343AAF1AE46C28002B3539 /* SMXTabBar.m */ = {isa = PBXFileReference; fileEncoding = 4; lastKnownFileType = sourcecode.c.objc; path = SMXTabBar.m; sourceTree = "<group>"; };
		2F343AB01AE46C28002B3539 /* SMXTabBarItem.h */ = {isa = PBXFileReference; fileEncoding = 4; lastKnownFileType = sourcecode.c.h; path = SMXTabBarItem.h; sourceTree = "<group>"; };
		2F343AB11AE46C28002B3539 /* SMXTabBarItem.m */ = {isa = PBXFileReference; fileEncoding = 4; lastKnownFileType = sourcecode.c.objc; path = SMXTabBarItem.m; sourceTree = "<group>"; };
		2F343AB21AE46C28002B3539 /* SMXTabBarItemManager.h */ = {isa = PBXFileReference; fileEncoding = 4; lastKnownFileType = sourcecode.c.h; path = SMXTabBarItemManager.h; sourceTree = "<group>"; };
		2F343AB31AE46C28002B3539 /* SMXTabBarItemManager.m */ = {isa = PBXFileReference; fileEncoding = 4; lastKnownFileType = sourcecode.c.objc; path = SMXTabBarItemManager.m; sourceTree = "<group>"; };
		2F343AB41AE46C28002B3539 /* SMXTabBarManager.h */ = {isa = PBXFileReference; fileEncoding = 4; lastKnownFileType = sourcecode.c.h; path = SMXTabBarManager.h; sourceTree = "<group>"; };
		2F343AB51AE46C28002B3539 /* SMXTabBarManager.m */ = {isa = PBXFileReference; fileEncoding = 4; lastKnownFileType = sourcecode.c.objc; path = SMXTabBarManager.m; sourceTree = "<group>"; };
		2F343AB81AE46C28002B3539 /* FAKFontAwesome.h */ = {isa = PBXFileReference; fileEncoding = 4; lastKnownFileType = sourcecode.c.h; path = FAKFontAwesome.h; sourceTree = "<group>"; };
		2F343AB91AE46C28002B3539 /* FAKFontAwesome.m */ = {isa = PBXFileReference; fileEncoding = 4; lastKnownFileType = sourcecode.c.objc; path = FAKFontAwesome.m; sourceTree = "<group>"; };
		2F343ABA1AE46C28002B3539 /* FAKFoundationIcons.h */ = {isa = PBXFileReference; fileEncoding = 4; lastKnownFileType = sourcecode.c.h; path = FAKFoundationIcons.h; sourceTree = "<group>"; };
		2F343ABB1AE46C28002B3539 /* FAKFoundationIcons.m */ = {isa = PBXFileReference; fileEncoding = 4; lastKnownFileType = sourcecode.c.objc; path = FAKFoundationIcons.m; sourceTree = "<group>"; };
		2F343ABC1AE46C28002B3539 /* FAKIcon.h */ = {isa = PBXFileReference; fileEncoding = 4; lastKnownFileType = sourcecode.c.h; path = FAKIcon.h; sourceTree = "<group>"; };
		2F343ABD1AE46C28002B3539 /* FAKIcon.m */ = {isa = PBXFileReference; fileEncoding = 4; lastKnownFileType = sourcecode.c.objc; path = FAKIcon.m; sourceTree = "<group>"; };
		2F343ABE1AE46C28002B3539 /* FAKIonIcons.h */ = {isa = PBXFileReference; fileEncoding = 4; lastKnownFileType = sourcecode.c.h; path = FAKIonIcons.h; sourceTree = "<group>"; };
		2F343ABF1AE46C28002B3539 /* FAKIonIcons.m */ = {isa = PBXFileReference; fileEncoding = 4; lastKnownFileType = sourcecode.c.objc; path = FAKIonIcons.m; sourceTree = "<group>"; };
		2F343AC01AE46C28002B3539 /* FAKZocial.h */ = {isa = PBXFileReference; fileEncoding = 4; lastKnownFileType = sourcecode.c.h; path = FAKZocial.h; sourceTree = "<group>"; };
		2F343AC11AE46C28002B3539 /* FAKZocial.m */ = {isa = PBXFileReference; fileEncoding = 4; lastKnownFileType = sourcecode.c.objc; path = FAKZocial.m; sourceTree = "<group>"; };
		2F343AC21AE46C28002B3539 /* FontAwesome.otf */ = {isa = PBXFileReference; lastKnownFileType = file; path = FontAwesome.otf; sourceTree = "<group>"; };
		2F343AC31AE46C28002B3539 /* FontAwesomeKit.h */ = {isa = PBXFileReference; fileEncoding = 4; lastKnownFileType = sourcecode.c.h; path = FontAwesomeKit.h; sourceTree = "<group>"; };
		2F343AC41AE46C28002B3539 /* foundation-icons.ttf */ = {isa = PBXFileReference; lastKnownFileType = file; path = "foundation-icons.ttf"; sourceTree = "<group>"; };
		2F343AC51AE46C28002B3539 /* ionicons.ttf */ = {isa = PBXFileReference; lastKnownFileType = file; path = ionicons.ttf; sourceTree = "<group>"; };
		2F343AC61AE46C28002B3539 /* zocial-regular-webfont.ttf */ = {isa = PBXFileReference; lastKnownFileType = file; path = "zocial-regular-webfont.ttf"; sourceTree = "<group>"; };
		2F46E3AE1BF53CE6007EB20D /* octicons.ttf */ = {isa = PBXFileReference; lastKnownFileType = file; path = octicons.ttf; sourceTree = "<group>"; };
		2F46E3AF1BF53CE6007EB20D /* FAKOcticons.h */ = {isa = PBXFileReference; fileEncoding = 4; lastKnownFileType = sourcecode.c.h; path = FAKOcticons.h; sourceTree = "<group>"; };
		2F46E3B01BF53CE6007EB20D /* FAKOcticons.m */ = {isa = PBXFileReference; fileEncoding = 4; lastKnownFileType = sourcecode.c.objc; path = FAKOcticons.m; sourceTree = "<group>"; };
		2F5A3EB81ACDBF8000439386 /* libReactNativeIcons.a */ = {isa = PBXFileReference; explicitFileType = archive.ar; includeInIndex = 0; path = libReactNativeIcons.a; sourceTree = BUILT_PRODUCTS_DIR; };
		2F615A371B698A87004A7B1D /* FAKMaterial.m */ = {isa = PBXFileReference; fileEncoding = 4; lastKnownFileType = sourcecode.c.objc; path = FAKMaterial.m; sourceTree = "<group>"; };
		2F615A381B698A87004A7B1D /* FAKMaterial.h */ = {isa = PBXFileReference; fileEncoding = 4; lastKnownFileType = sourcecode.c.h; path = FAKMaterial.h; sourceTree = "<group>"; };
		2F615A391B698A87004A7B1D /* Material-Design-Iconic-Font.ttf */ = {isa = PBXFileReference; lastKnownFileType = file; path = "Material-Design-Iconic-Font.ttf"; sourceTree = "<group>"; };
/* End PBXFileReference section */

/* Begin PBXFrameworksBuildPhase section */
		2F5A3EB51ACDBF8000439386 /* Frameworks */ = {
			isa = PBXFrameworksBuildPhase;
			buildActionMask = 2147483647;
			files = (
			);
			runOnlyForDeploymentPostprocessing = 0;
		};
/* End PBXFrameworksBuildPhase section */

/* Begin PBXGroup section */
		2F343AA71AE46C28002B3539 /* ReactNativeIcons */ = {
			isa = PBXGroup;
			children = (
				2F343AA81AE46C28002B3539 /* FAKIconImage */,
				2F343AAD1AE46C28002B3539 /* IconTabBarItem */,
				2F343AB61AE46C28002B3539 /* Libraries */,
			);
			path = ReactNativeIcons;
			sourceTree = "<group>";
		};
		2F343AA81AE46C28002B3539 /* FAKIconImage */ = {
			isa = PBXGroup;
			children = (
				2F343AA91AE46C28002B3539 /* FAKIconImage.h */,
				2F343AAA1AE46C28002B3539 /* FAKIconImage.m */,
				2F343AAB1AE46C28002B3539 /* FAKIconImageManager.h */,
				2F343AAC1AE46C28002B3539 /* FAKIconImageManager.m */,
			);
			path = FAKIconImage;
			sourceTree = "<group>";
		};
		2F343AAD1AE46C28002B3539 /* IconTabBarItem */ = {
			isa = PBXGroup;
			children = (
				2F343AAE1AE46C28002B3539 /* SMXTabBar.h */,
				2F343AAF1AE46C28002B3539 /* SMXTabBar.m */,
				2F343AB01AE46C28002B3539 /* SMXTabBarItem.h */,
				2F343AB11AE46C28002B3539 /* SMXTabBarItem.m */,
				2F343AB21AE46C28002B3539 /* SMXTabBarItemManager.h */,
				2F343AB31AE46C28002B3539 /* SMXTabBarItemManager.m */,
				2F343AB41AE46C28002B3539 /* SMXTabBarManager.h */,
				2F343AB51AE46C28002B3539 /* SMXTabBarManager.m */,
			);
			path = IconTabBarItem;
			sourceTree = "<group>";
		};
		2F343AB61AE46C28002B3539 /* Libraries */ = {
			isa = PBXGroup;
			children = (
				2F343AB71AE46C28002B3539 /* FontAwesomeKit */,
			);
			path = Libraries;
			sourceTree = "<group>";
		};
		2F343AB71AE46C28002B3539 /* FontAwesomeKit */ = {
			isa = PBXGroup;
			children = (
				2F46E3AE1BF53CE6007EB20D /* octicons.ttf */,
				2F46E3AF1BF53CE6007EB20D /* FAKOcticons.h */,
				2F46E3B01BF53CE6007EB20D /* FAKOcticons.m */,
				2F615A371B698A87004A7B1D /* FAKMaterial.m */,
				2F615A381B698A87004A7B1D /* FAKMaterial.h */,
				2F615A391B698A87004A7B1D /* Material-Design-Iconic-Font.ttf */,
				2F343AB81AE46C28002B3539 /* FAKFontAwesome.h */,
				2F343AB91AE46C28002B3539 /* FAKFontAwesome.m */,
				2F343ABA1AE46C28002B3539 /* FAKFoundationIcons.h */,
				2F343ABB1AE46C28002B3539 /* FAKFoundationIcons.m */,
				2F343ABC1AE46C28002B3539 /* FAKIcon.h */,
				2F343ABD1AE46C28002B3539 /* FAKIcon.m */,
				2F343ABE1AE46C28002B3539 /* FAKIonIcons.h */,
				2F343ABF1AE46C28002B3539 /* FAKIonIcons.m */,
				2F343AC01AE46C28002B3539 /* FAKZocial.h */,
				2F343AC11AE46C28002B3539 /* FAKZocial.m */,
				2F343AC21AE46C28002B3539 /* FontAwesome.otf */,
				2F343AC31AE46C28002B3539 /* FontAwesomeKit.h */,
				2F343AC41AE46C28002B3539 /* foundation-icons.ttf */,
				2F343AC51AE46C28002B3539 /* ionicons.ttf */,
				2F343AC61AE46C28002B3539 /* zocial-regular-webfont.ttf */,
			);
			path = FontAwesomeKit;
			sourceTree = "<group>";
		};
		2F5A3EAF1ACDBF8000439386 = {
			isa = PBXGroup;
			children = (
				2F343AA71AE46C28002B3539 /* ReactNativeIcons */,
				2F5A3EB91ACDBF8000439386 /* Products */,
			);
			sourceTree = "<group>";
		};
		2F5A3EB91ACDBF8000439386 /* Products */ = {
			isa = PBXGroup;
			children = (
				2F5A3EB81ACDBF8000439386 /* libReactNativeIcons.a */,
			);
			name = Products;
			sourceTree = "<group>";
		};
/* End PBXGroup section */

/* Begin PBXNativeTarget section */
		2F5A3EB71ACDBF8000439386 /* ReactNativeIcons */ = {
			isa = PBXNativeTarget;
			buildConfigurationList = 2F5A3ECC1ACDBF8000439386 /* Build configuration list for PBXNativeTarget "ReactNativeIcons" */;
			buildPhases = (
				2F5A3EB41ACDBF8000439386 /* Sources */,
				2F5A3EB51ACDBF8000439386 /* Frameworks */,
				2F5A3EB61ACDBF8000439386 /* CopyFiles */,
			);
			buildRules = (
			);
			dependencies = (
			);
			name = ReactNativeIcons;
			productName = ReactNativeIcons;
			productReference = 2F5A3EB81ACDBF8000439386 /* libReactNativeIcons.a */;
			productType = "com.apple.product-type.library.static";
		};
/* End PBXNativeTarget section */

/* Begin PBXProject section */
		2F5A3EB01ACDBF8000439386 /* Project object */ = {
			isa = PBXProject;
			attributes = {
				LastUpgradeCheck = 0620;
				ORGANIZATIONNAME = "Smixx Inc.";
				TargetAttributes = {
					2F5A3EB71ACDBF8000439386 = {
						CreatedOnToolsVersion = 6.2;
					};
				};
			};
			buildConfigurationList = 2F5A3EB31ACDBF8000439386 /* Build configuration list for PBXProject "ReactNativeIcons" */;
			compatibilityVersion = "Xcode 3.2";
			developmentRegion = English;
			hasScannedForEncodings = 0;
			knownRegions = (
				en,
			);
			mainGroup = 2F5A3EAF1ACDBF8000439386;
			productRefGroup = 2F5A3EB91ACDBF8000439386 /* Products */;
			projectDirPath = "";
			projectRoot = "";
			targets = (
				2F5A3EB71ACDBF8000439386 /* ReactNativeIcons */,
			);
		};
/* End PBXProject section */

/* Begin PBXSourcesBuildPhase section */
		2F5A3EB41ACDBF8000439386 /* Sources */ = {
			isa = PBXSourcesBuildPhase;
			buildActionMask = 2147483647;
			files = (
				2F343AD01AE46C28002B3539 /* FAKIonIcons.m in Sources */,
				2F343ACC1AE46C28002B3539 /* SMXTabBarManager.m in Sources */,
				2F343AC71AE46C28002B3539 /* FAKIconImage.m in Sources */,
				2F343ACB1AE46C28002B3539 /* SMXTabBarItemManager.m in Sources */,
				2F343ACA1AE46C28002B3539 /* SMXTabBarItem.m in Sources */,
				2F46E3B11BF53CE6007EB20D /* FAKOcticons.m in Sources */,
				2F615A3A1B698A87004A7B1D /* FAKMaterial.m in Sources */,
				2F343AD11AE46C28002B3539 /* FAKZocial.m in Sources */,
				2F343ACE1AE46C28002B3539 /* FAKFoundationIcons.m in Sources */,
				2F343AC81AE46C28002B3539 /* FAKIconImageManager.m in Sources */,
				2F343AC91AE46C28002B3539 /* SMXTabBar.m in Sources */,
				2F343ACD1AE46C28002B3539 /* FAKFontAwesome.m in Sources */,
				2F343ACF1AE46C28002B3539 /* FAKIcon.m in Sources */,
			);
			runOnlyForDeploymentPostprocessing = 0;
		};
/* End PBXSourcesBuildPhase section */

/* Begin XCBuildConfiguration section */
		2F5A3ECA1ACDBF8000439386 /* Debug */ = {
			isa = XCBuildConfiguration;
			buildSettings = {
				ALWAYS_SEARCH_USER_PATHS = NO;
				CLANG_CXX_LANGUAGE_STANDARD = "gnu++0x";
				CLANG_CXX_LIBRARY = "libc++";
				CLANG_ENABLE_MODULES = YES;
				CLANG_ENABLE_OBJC_ARC = YES;
				CLANG_WARN_BOOL_CONVERSION = YES;
				CLANG_WARN_CONSTANT_CONVERSION = YES;
				CLANG_WARN_DIRECT_OBJC_ISA_USAGE = YES_ERROR;
				CLANG_WARN_EMPTY_BODY = YES;
				CLANG_WARN_ENUM_CONVERSION = YES;
				CLANG_WARN_INT_CONVERSION = YES;
				CLANG_WARN_OBJC_ROOT_CLASS = YES_ERROR;
				CLANG_WARN_UNREACHABLE_CODE = YES;
				CLANG_WARN__DUPLICATE_METHOD_MATCH = YES;
				COPY_PHASE_STRIP = NO;
				ENABLE_STRICT_OBJC_MSGSEND = YES;
				GCC_C_LANGUAGE_STANDARD = gnu99;
				GCC_DYNAMIC_NO_PIC = NO;
				GCC_OPTIMIZATION_LEVEL = 0;
				GCC_PREPROCESSOR_DEFINITIONS = (
					"DEBUG=1",
					"$(inherited)",
				);
				GCC_SYMBOLS_PRIVATE_EXTERN = NO;
				GCC_WARN_64_TO_32_BIT_CONVERSION = YES;
				GCC_WARN_ABOUT_RETURN_TYPE = YES_ERROR;
				GCC_WARN_UNDECLARED_SELECTOR = YES;
				GCC_WARN_UNINITIALIZED_AUTOS = YES_AGGRESSIVE;
				GCC_WARN_UNUSED_FUNCTION = YES;
				GCC_WARN_UNUSED_VARIABLE = YES;
				IPHONEOS_DEPLOYMENT_TARGET = 8.2;
				MTL_ENABLE_DEBUG_INFO = YES;
				ONLY_ACTIVE_ARCH = YES;
				SDKROOT = iphoneos;
			};
			name = Debug;
		};
		2F5A3ECB1ACDBF8000439386 /* Release */ = {
			isa = XCBuildConfiguration;
			buildSettings = {
				ALWAYS_SEARCH_USER_PATHS = NO;
				CLANG_CXX_LANGUAGE_STANDARD = "gnu++0x";
				CLANG_CXX_LIBRARY = "libc++";
				CLANG_ENABLE_MODULES = YES;
				CLANG_ENABLE_OBJC_ARC = YES;
				CLANG_WARN_BOOL_CONVERSION = YES;
				CLANG_WARN_CONSTANT_CONVERSION = YES;
				CLANG_WARN_DIRECT_OBJC_ISA_USAGE = YES_ERROR;
				CLANG_WARN_EMPTY_BODY = YES;
				CLANG_WARN_ENUM_CONVERSION = YES;
				CLANG_WARN_INT_CONVERSION = YES;
				CLANG_WARN_OBJC_ROOT_CLASS = YES_ERROR;
				CLANG_WARN_UNREACHABLE_CODE = YES;
				CLANG_WARN__DUPLICATE_METHOD_MATCH = YES;
				COPY_PHASE_STRIP = NO;
				ENABLE_NS_ASSERTIONS = NO;
				ENABLE_STRICT_OBJC_MSGSEND = YES;
				GCC_C_LANGUAGE_STANDARD = gnu99;
				GCC_WARN_64_TO_32_BIT_CONVERSION = YES;
				GCC_WARN_ABOUT_RETURN_TYPE = YES_ERROR;
				GCC_WARN_UNDECLARED_SELECTOR = YES;
				GCC_WARN_UNINITIALIZED_AUTOS = YES_AGGRESSIVE;
				GCC_WARN_UNUSED_FUNCTION = YES;
				GCC_WARN_UNUSED_VARIABLE = YES;
				IPHONEOS_DEPLOYMENT_TARGET = 8.2;
				MTL_ENABLE_DEBUG_INFO = NO;
				SDKROOT = iphoneos;
				VALIDATE_PRODUCT = YES;
			};
			name = Release;
		};
		2F5A3ECD1ACDBF8000439386 /* Debug */ = {
			isa = XCBuildConfiguration;
			buildSettings = {
				ALWAYS_SEARCH_USER_PATHS = NO;
				HEADER_SEARCH_PATHS = (
					"$(inherited)",
					/Applications/Xcode.app/Contents/Developer/Toolchains/XcodeDefault.xctoolchain/usr/include,
					"$(SRCROOT)/../../react-native/React/**",
				);
				OTHER_LDFLAGS = "-ObjC";
				PRODUCT_NAME = "$(TARGET_NAME)";
				SKIP_INSTALL = YES;
				USER_HEADER_SEARCH_PATHS = "";
			};
			name = Debug;
		};
		2F5A3ECE1ACDBF8000439386 /* Release */ = {
			isa = XCBuildConfiguration;
			buildSettings = {
				ALWAYS_SEARCH_USER_PATHS = NO;
				HEADER_SEARCH_PATHS = (
					"$(inherited)",
					/Applications/Xcode.app/Contents/Developer/Toolchains/XcodeDefault.xctoolchain/usr/include,
					"$(SRCROOT)/../../react-native/React/**",
				);
				OTHER_LDFLAGS = "-ObjC";
				PRODUCT_NAME = "$(TARGET_NAME)";
				SKIP_INSTALL = YES;
				USER_HEADER_SEARCH_PATHS = "";
			};
			name = Release;
		};
/* End XCBuildConfiguration section */

/* Begin XCConfigurationList section */
		2F5A3EB31ACDBF8000439386 /* Build configuration list for PBXProject "ReactNativeIcons" */ = {
			isa = XCConfigurationList;
			buildConfigurations = (
				2F5A3ECA1ACDBF8000439386 /* Debug */,
				2F5A3ECB1ACDBF8000439386 /* Release */,
			);
			defaultConfigurationIsVisible = 0;
			defaultConfigurationName = Release;
		};
		2F5A3ECC1ACDBF8000439386 /* Build configuration list for PBXNativeTarget "ReactNativeIcons" */ = {
			isa = XCConfigurationList;
			buildConfigurations = (
				2F5A3ECD1ACDBF8000439386 /* Debug */,
				2F5A3ECE1ACDBF8000439386 /* Release */,
			);
			defaultConfigurationIsVisible = 0;
			defaultConfigurationName = Release;
		};
/* End XCConfigurationList section */
	};
	rootObject = 2F5A3EB01ACDBF8000439386 /* Project object */;
}
